// !$*UTF8*$!
{
	archiveVersion = 1;
	classes = {
	};
	objectVersion = 50;
	objects = {

/* Begin PBXBuildFile section */
		AA8F68D626E525200068D5A8 /* LandmarkApp.swift in Sources */ = {isa = PBXBuildFile; fileRef = AA8F68D526E525200068D5A8 /* LandmarkApp.swift */; };
		AA8F68D826E525200068D5A8 /* ContentView.swift in Sources */ = {isa = PBXBuildFile; fileRef = AA8F68D726E525200068D5A8 /* ContentView.swift */; };
		AA8F68DA26E525210068D5A8 /* Assets.xcassets in Resources */ = {isa = PBXBuildFile; fileRef = AA8F68D926E525210068D5A8 /* Assets.xcassets */; };
		AA8F68DD26E525210068D5A8 /* Preview Assets.xcassets in Resources */ = {isa = PBXBuildFile; fileRef = AA8F68DC26E525210068D5A8 /* Preview Assets.xcassets */; };
		AA8F68E526E526210068D5A8 /* CircleImage.swift in Sources */ = {isa = PBXBuildFile; fileRef = AA8F68E426E526210068D5A8 /* CircleImage.swift */; };
		AA8F68E726E526EB0068D5A8 /* MapView.swift in Sources */ = {isa = PBXBuildFile; fileRef = AA8F68E626E526EB0068D5A8 /* MapView.swift */; };
		AA8F68E926E54B9E0068D5A8 /* landmarkData.json in Resources */ = {isa = PBXBuildFile; fileRef = AA8F68E826E54B9E0068D5A8 /* landmarkData.json */; };
		AA8F68EB26E54BB20068D5A8 /* Landmark.swift in Sources */ = {isa = PBXBuildFile; fileRef = AA8F68EA26E54BB20068D5A8 /* Landmark.swift */; };
		AA8F68ED26E54D470068D5A8 /* ModelData.swift in Sources */ = {isa = PBXBuildFile; fileRef = AA8F68EC26E54D470068D5A8 /* ModelData.swift */; };
		AA8F68F226E5508A0068D5A8 /* LandmarkRow.swift in Sources */ = {isa = PBXBuildFile; fileRef = AA8F68F126E5508A0068D5A8 /* LandmarkRow.swift */; };
		AA8F68F426E55B660068D5A8 /* LandmarkList.swift in Sources */ = {isa = PBXBuildFile; fileRef = AA8F68F326E55B660068D5A8 /* LandmarkList.swift */; };
		AA8F68F626E55F110068D5A8 /* LandmarkDetail.swift in Sources */ = {isa = PBXBuildFile; fileRef = AA8F68F526E55F110068D5A8 /* LandmarkDetail.swift */; };
		AABBC44C26E7EA66008F62EC /* FavoriteButton.swift in Sources */ = {isa = PBXBuildFile; fileRef = AABBC44B26E7EA66008F62EC /* FavoriteButton.swift */; };
/* End PBXBuildFile section */

/* Begin PBXFileReference section */
		AA8F68D226E525200068D5A8 /* Landmark.app */ = {isa = PBXFileReference; explicitFileType = wrapper.application; includeInIndex = 0; path = Landmark.app; sourceTree = BUILT_PRODUCTS_DIR; };
		AA8F68D526E525200068D5A8 /* LandmarkApp.swift */ = {isa = PBXFileReference; lastKnownFileType = sourcecode.swift; path = LandmarkApp.swift; sourceTree = "<group>"; };
		AA8F68D726E525200068D5A8 /* ContentView.swift */ = {isa = PBXFileReference; lastKnownFileType = sourcecode.swift; path = ContentView.swift; sourceTree = "<group>"; };
		AA8F68D926E525210068D5A8 /* Assets.xcassets */ = {isa = PBXFileReference; lastKnownFileType = folder.assetcatalog; path = Assets.xcassets; sourceTree = "<group>"; };
		AA8F68DC26E525210068D5A8 /* Preview Assets.xcassets */ = {isa = PBXFileReference; lastKnownFileType = folder.assetcatalog; path = "Preview Assets.xcassets"; sourceTree = "<group>"; };
		AA8F68DE26E525210068D5A8 /* Info.plist */ = {isa = PBXFileReference; lastKnownFileType = text.plist.xml; path = Info.plist; sourceTree = "<group>"; };
		AA8F68E426E526210068D5A8 /* CircleImage.swift */ = {isa = PBXFileReference; lastKnownFileType = sourcecode.swift; path = CircleImage.swift; sourceTree = "<group>"; };
		AA8F68E626E526EB0068D5A8 /* MapView.swift */ = {isa = PBXFileReference; lastKnownFileType = sourcecode.swift; path = MapView.swift; sourceTree = "<group>"; };
		AA8F68E826E54B9E0068D5A8 /* landmarkData.json */ = {isa = PBXFileReference; fileEncoding = 4; lastKnownFileType = text.json; path = landmarkData.json; sourceTree = "<group>"; };
		AA8F68EA26E54BB20068D5A8 /* Landmark.swift */ = {isa = PBXFileReference; lastKnownFileType = sourcecode.swift; path = Landmark.swift; sourceTree = "<group>"; };
		AA8F68EC26E54D470068D5A8 /* ModelData.swift */ = {isa = PBXFileReference; lastKnownFileType = sourcecode.swift; path = ModelData.swift; sourceTree = "<group>"; };
		AA8F68F126E5508A0068D5A8 /* LandmarkRow.swift */ = {isa = PBXFileReference; lastKnownFileType = sourcecode.swift; path = LandmarkRow.swift; sourceTree = "<group>"; };
		AA8F68F326E55B660068D5A8 /* LandmarkList.swift */ = {isa = PBXFileReference; lastKnownFileType = sourcecode.swift; path = LandmarkList.swift; sourceTree = "<group>"; };
		AA8F68F526E55F110068D5A8 /* LandmarkDetail.swift */ = {isa = PBXFileReference; lastKnownFileType = sourcecode.swift; path = LandmarkDetail.swift; sourceTree = "<group>"; };
		AABBC44B26E7EA66008F62EC /* FavoriteButton.swift */ = {isa = PBXFileReference; lastKnownFileType = sourcecode.swift; path = FavoriteButton.swift; sourceTree = "<group>"; };
/* End PBXFileReference section */

/* Begin PBXFrameworksBuildPhase section */
		AA8F68CF26E525200068D5A8 /* Frameworks */ = {
			isa = PBXFrameworksBuildPhase;
			buildActionMask = 2147483647;
			files = (
			);
			runOnlyForDeploymentPostprocessing = 0;
		};
/* End PBXFrameworksBuildPhase section */

/* Begin PBXGroup section */
		AA8F68C926E525200068D5A8 = {
			isa = PBXGroup;
			children = (
				AA8F68D426E525200068D5A8 /* Landmark */,
				AA8F68D326E525200068D5A8 /* Products */,
			);
			sourceTree = "<group>";
		};
		AA8F68D326E525200068D5A8 /* Products */ = {
			isa = PBXGroup;
			children = (
				AA8F68D226E525200068D5A8 /* Landmark.app */,
			);
			name = Products;
			sourceTree = "<group>";
		};
		AA8F68D426E525200068D5A8 /* Landmark */ = {
			isa = PBXGroup;
			children = (
				AA8F68F026E54E4B0068D5A8 /* Resources */,
				AA8F68EF26E54E3C0068D5A8 /* Model */,
				AA8F68EE26E54E220068D5A8 /* Views */,
				AA8F68D526E525200068D5A8 /* LandmarkApp.swift */,
				AA8F68D926E525210068D5A8 /* Assets.xcassets */,
				AA8F68DE26E525210068D5A8 /* Info.plist */,
				AA8F68DB26E525210068D5A8 /* Preview Content */,
			);
			path = Landmark;
			sourceTree = "<group>";
		};
		AA8F68DB26E525210068D5A8 /* Preview Content */ = {
			isa = PBXGroup;
			children = (
				AA8F68DC26E525210068D5A8 /* Preview Assets.xcassets */,
			);
			path = "Preview Content";
			sourceTree = "<group>";
		};
		AA8F68EE26E54E220068D5A8 /* Views */ = {
			isa = PBXGroup;
			children = (
				AABBC44E26E7EB1A008F62EC /* Landmarks */,
				AABBC44D26E7EAFF008F62EC /* Helpers */,
				AA8F68D726E525200068D5A8 /* ContentView.swift */,
			);
			path = Views;
			sourceTree = "<group>";
		};
		AA8F68EF26E54E3C0068D5A8 /* Model */ = {
			isa = PBXGroup;
			children = (
				AA8F68EA26E54BB20068D5A8 /* Landmark.swift */,
				AA8F68EC26E54D470068D5A8 /* ModelData.swift */,
			);
			path = Model;
			sourceTree = "<group>";
		};
		AA8F68F026E54E4B0068D5A8 /* Resources */ = {
			isa = PBXGroup;
			children = (
				AA8F68E826E54B9E0068D5A8 /* landmarkData.json */,
			);
			path = Resources;
			sourceTree = "<group>";
		};
		AABBC44D26E7EAFF008F62EC /* Helpers */ = {
			isa = PBXGroup;
			children = (
				AABBC44B26E7EA66008F62EC /* FavoriteButton.swift */,
				AA8F68E626E526EB0068D5A8 /* MapView.swift */,
				AA8F68E426E526210068D5A8 /* CircleImage.swift */,
			);
			path = Helpers;
			sourceTree = "<group>";
		};
		AABBC44E26E7EB1A008F62EC /* Landmarks */ = {
			isa = PBXGroup;
			children = (
				AA8F68F126E5508A0068D5A8 /* LandmarkRow.swift */,
				AA8F68F326E55B660068D5A8 /* LandmarkList.swift */,
				AA8F68F526E55F110068D5A8 /* LandmarkDetail.swift */,
			);
			path = Landmarks;
			sourceTree = "<group>";
		};
/* End PBXGroup section */

/* Begin PBXNativeTarget section */
		AA8F68D126E525200068D5A8 /* Landmark */ = {
			isa = PBXNativeTarget;
			buildConfigurationList = AA8F68E126E525210068D5A8 /* Build configuration list for PBXNativeTarget "Landmark" */;
			buildPhases = (
				AA8F68CE26E525200068D5A8 /* Sources */,
				AA8F68CF26E525200068D5A8 /* Frameworks */,
				AA8F68D026E525200068D5A8 /* Resources */,
			);
			buildRules = (
			);
			dependencies = (
			);
			name = Landmark;
			productName = Landmark;
			productReference = AA8F68D226E525200068D5A8 /* Landmark.app */;
			productType = "com.apple.product-type.application";
		};
/* End PBXNativeTarget section */

/* Begin PBXProject section */
		AA8F68CA26E525200068D5A8 /* Project object */ = {
			isa = PBXProject;
			attributes = {
				LastSwiftUpdateCheck = 1250;
				LastUpgradeCheck = 1250;
				TargetAttributes = {
					AA8F68D126E525200068D5A8 = {
						CreatedOnToolsVersion = 12.5.1;
					};
				};
			};
			buildConfigurationList = AA8F68CD26E525200068D5A8 /* Build configuration list for PBXProject "Landmark" */;
			compatibilityVersion = "Xcode 9.3";
			developmentRegion = en;
			hasScannedForEncodings = 0;
			knownRegions = (
				en,
				Base,
			);
			mainGroup = AA8F68C926E525200068D5A8;
			productRefGroup = AA8F68D326E525200068D5A8 /* Products */;
			projectDirPath = "";
			projectRoot = "";
			targets = (
				AA8F68D126E525200068D5A8 /* Landmark */,
			);
		};
/* End PBXProject section */

/* Begin PBXResourcesBuildPhase section */
		AA8F68D026E525200068D5A8 /* Resources */ = {
			isa = PBXResourcesBuildPhase;
			buildActionMask = 2147483647;
			files = (
				AA8F68DD26E525210068D5A8 /* Preview Assets.xcassets in Resources */,
				AA8F68DA26E525210068D5A8 /* Assets.xcassets in Resources */,
				AA8F68E926E54B9E0068D5A8 /* landmarkData.json in Resources */,
			);
			runOnlyForDeploymentPostprocessing = 0;
		};
/* End PBXResourcesBuildPhase section */

/* Begin PBXSourcesBuildPhase section */
		AA8F68CE26E525200068D5A8 /* Sources */ = {
			isa = PBXSourcesBuildPhase;
			buildActionMask = 2147483647;
			files = (
				AA8F68D826E525200068D5A8 /* ContentView.swift in Sources */,
				AA8F68E726E526EB0068D5A8 /* MapView.swift in Sources */,
				AA8F68D626E525200068D5A8 /* LandmarkApp.swift in Sources */,
				AABBC44C26E7EA66008F62EC /* FavoriteButton.swift in Sources */,
				AA8F68F426E55B660068D5A8 /* LandmarkList.swift in Sources */,
				AA8F68F626E55F110068D5A8 /* LandmarkDetail.swift in Sources */,
				AA8F68E526E526210068D5A8 /* CircleImage.swift in Sources */,
				AA8F68EB26E54BB20068D5A8 /* Landmark.swift in Sources */,
				AA8F68F226E5508A0068D5A8 /* LandmarkRow.swift in Sources */,
				AA8F68ED26E54D470068D5A8 /* ModelData.swift in Sources */,
			);
			runOnlyForDeploymentPostprocessing = 0;
		};
/* End PBXSourcesBuildPhase section */

/* Begin XCBuildConfiguration section */
		AA8F68DF26E525210068D5A8 /* Debug */ = {
			isa = XCBuildConfiguration;
			buildSettings = {
				ALWAYS_SEARCH_USER_PATHS = NO;
				CLANG_ANALYZER_NONNULL = YES;
				CLANG_ANALYZER_NUMBER_OBJECT_CONVERSION = YES_AGGRESSIVE;
				CLANG_CXX_LANGUAGE_STANDARD = "gnu++14";
				CLANG_CXX_LIBRARY = "libc++";
				CLANG_ENABLE_MODULES = YES;
				CLANG_ENABLE_OBJC_ARC = YES;
				CLANG_ENABLE_OBJC_WEAK = YES;
				CLANG_WARN_BLOCK_CAPTURE_AUTORELEASING = YES;
				CLANG_WARN_BOOL_CONVERSION = YES;
				CLANG_WARN_COMMA = YES;
				CLANG_WARN_CONSTANT_CONVERSION = YES;
				CLANG_WARN_DEPRECATED_OBJC_IMPLEMENTATIONS = YES;
				CLANG_WARN_DIRECT_OBJC_ISA_USAGE = YES_ERROR;
				CLANG_WARN_DOCUMENTATION_COMMENTS = YES;
				CLANG_WARN_EMPTY_BODY = YES;
				CLANG_WARN_ENUM_CONVERSION = YES;
				CLANG_WARN_INFINITE_RECURSION = YES;
				CLANG_WARN_INT_CONVERSION = YES;
				CLANG_WARN_NON_LITERAL_NULL_CONVERSION = YES;
				CLANG_WARN_OBJC_IMPLICIT_RETAIN_SELF = YES;
				CLANG_WARN_OBJC_LITERAL_CONVERSION = YES;
				CLANG_WARN_OBJC_ROOT_CLASS = YES_ERROR;
				CLANG_WARN_QUOTED_INCLUDE_IN_FRAMEWORK_HEADER = YES;
				CLANG_WARN_RANGE_LOOP_ANALYSIS = YES;
				CLANG_WARN_STRICT_PROTOTYPES = YES;
				CLANG_WARN_SUSPICIOUS_MOVE = YES;
				CLANG_WARN_UNGUARDED_AVAILABILITY = YES_AGGRESSIVE;
				CLANG_WARN_UNREACHABLE_CODE = YES;
				CLANG_WARN__DUPLICATE_METHOD_MATCH = YES;
				COPY_PHASE_STRIP = NO;
				DEBUG_INFORMATION_FORMAT = dwarf;
				ENABLE_STRICT_OBJC_MSGSEND = YES;
				ENABLE_TESTABILITY = YES;
				GCC_C_LANGUAGE_STANDARD = gnu11;
				GCC_DYNAMIC_NO_PIC = NO;
				GCC_NO_COMMON_BLOCKS = YES;
				GCC_OPTIMIZATION_LEVEL = 0;
				GCC_PREPROCESSOR_DEFINITIONS = (
					"DEBUG=1",
					"$(inherited)",
				);
				GCC_WARN_64_TO_32_BIT_CONVERSION = YES;
				GCC_WARN_ABOUT_RETURN_TYPE = YES_ERROR;
				GCC_WARN_UNDECLARED_SELECTOR = YES;
				GCC_WARN_UNINITIALIZED_AUTOS = YES_AGGRESSIVE;
				GCC_WARN_UNUSED_FUNCTION = YES;
				GCC_WARN_UNUSED_VARIABLE = YES;
				IPHONEOS_DEPLOYMENT_TARGET = 14.5;
				MTL_ENABLE_DEBUG_INFO = INCLUDE_SOURCE;
				MTL_FAST_MATH = YES;
				ONLY_ACTIVE_ARCH = YES;
				SDKROOT = iphoneos;
				SWIFT_ACTIVE_COMPILATION_CONDITIONS = DEBUG;
				SWIFT_OPTIMIZATION_LEVEL = "-Onone";
			};
			name = Debug;
		};
		AA8F68E026E525210068D5A8 /* Release */ = {
			isa = XCBuildConfiguration;
			buildSettings = {
				ALWAYS_SEARCH_USER_PATHS = NO;
				CLANG_ANALYZER_NONNULL = YES;
				CLANG_ANALYZER_NUMBER_OBJECT_CONVERSION = YES_AGGRESSIVE;
				CLANG_CXX_LANGUAGE_STANDARD = "gnu++14";
				CLANG_CXX_LIBRARY = "libc++";
				CLANG_ENABLE_MODULES = YES;
				CLANG_ENABLE_OBJC_ARC = YES;
				CLANG_ENABLE_OBJC_WEAK = YES;
				CLANG_WARN_BLOCK_CAPTURE_AUTORELEASING = YES;
				CLANG_WARN_BOOL_CONVERSION = YES;
				CLANG_WARN_COMMA = YES;
				CLANG_WARN_CONSTANT_CONVERSION = YES;
				CLANG_WARN_DEPRECATED_OBJC_IMPLEMENTATIONS = YES;
				CLANG_WARN_DIRECT_OBJC_ISA_USAGE = YES_ERROR;
				CLANG_WARN_DOCUMENTATION_COMMENTS = YES;
				CLANG_WARN_EMPTY_BODY = YES;
				CLANG_WARN_ENUM_CONVERSION = YES;
				CLANG_WARN_INFINITE_RECURSION = YES;
				CLANG_WARN_INT_CONVERSION = YES;
				CLANG_WARN_NON_LITERAL_NULL_CONVERSION = YES;
				CLANG_WARN_OBJC_IMPLICIT_RETAIN_SELF = YES;
				CLANG_WARN_OBJC_LITERAL_CONVERSION = YES;
				CLANG_WARN_OBJC_ROOT_CLASS = YES_ERROR;
				CLANG_WARN_QUOTED_INCLUDE_IN_FRAMEWORK_HEADER = YES;
				CLANG_WARN_RANGE_LOOP_ANALYSIS = YES;
				CLANG_WARN_STRICT_PROTOTYPES = YES;
				CLANG_WARN_SUSPICIOUS_MOVE = YES;
				CLANG_WARN_UNGUARDED_AVAILABILITY = YES_AGGRESSIVE;
				CLANG_WARN_UNREACHABLE_CODE = YES;
				CLANG_WARN__DUPLICATE_METHOD_MATCH = YES;
				COPY_PHASE_STRIP = NO;
				DEBUG_INFORMATION_FORMAT = "dwarf-with-dsym";
				ENABLE_NS_ASSERTIONS = NO;
				ENABLE_STRICT_OBJC_MSGSEND = YES;
				GCC_C_LANGUAGE_STANDARD = gnu11;
				GCC_NO_COMMON_BLOCKS = YES;
				GCC_WARN_64_TO_32_BIT_CONVERSION = YES;
				GCC_WARN_ABOUT_RETURN_TYPE = YES_ERROR;
				GCC_WARN_UNDECLARED_SELECTOR = YES;
				GCC_WARN_UNINITIALIZED_AUTOS = YES_AGGRESSIVE;
				GCC_WARN_UNUSED_FUNCTION = YES;
				GCC_WARN_UNUSED_VARIABLE = YES;
				IPHONEOS_DEPLOYMENT_TARGET = 14.5;
				MTL_ENABLE_DEBUG_INFO = NO;
				MTL_FAST_MATH = YES;
				SDKROOT = iphoneos;
				SWIFT_COMPILATION_MODE = wholemodule;
				SWIFT_OPTIMIZATION_LEVEL = "-O";
				VALIDATE_PRODUCT = YES;
			};
			name = Release;
		};
		AA8F68E226E525210068D5A8 /* Debug */ = {
			isa = XCBuildConfiguration;
			buildSettings = {
				ASSETCATALOG_COMPILER_APPICON_NAME = AppIcon;
				ASSETCATALOG_COMPILER_GLOBAL_ACCENT_COLOR_NAME = AccentColor;
				CODE_SIGN_STYLE = Automatic;
				DEVELOPMENT_ASSET_PATHS = "\"Landmark/Preview Content\"";
				DEVELOPMENT_TEAM = U77HE2385V;
				ENABLE_PREVIEWS = YES;
				INFOPLIST_FILE = Landmark/Info.plist;
				IPHONEOS_DEPLOYMENT_TARGET = 14.0;
				LD_RUNPATH_SEARCH_PATHS = (
					"$(inherited)",
					"@executable_path/Frameworks",
				);
				PRODUCT_BUNDLE_IDENTIFIER = ca.cgarrovillo.Landmark;
				PRODUCT_NAME = "$(TARGET_NAME)";
				SWIFT_VERSION = 5.0;
				TARGETED_DEVICE_FAMILY = "1,2";
			};
			name = Debug;
		};
		AA8F68E326E525210068D5A8 /* Release */ = {
			isa = XCBuildConfiguration;
			buildSettings = {
				ASSETCATALOG_COMPILER_APPICON_NAME = AppIcon;
				ASSETCATALOG_COMPILER_GLOBAL_ACCENT_COLOR_NAME = AccentColor;
				CODE_SIGN_STYLE = Automatic;
				DEVELOPMENT_ASSET_PATHS = "\"Landmark/Preview Content\"";
				DEVELOPMENT_TEAM = U77HE2385V;
				ENABLE_PREVIEWS = YES;
				INFOPLIST_FILE = Landmark/Info.plist;
				IPHONEOS_DEPLOYMENT_TARGET = 14.0;
				LD_RUNPATH_SEARCH_PATHS = (
					"$(inherited)",
					"@executable_path/Frameworks",
				);
				PRODUCT_BUNDLE_IDENTIFIER = ca.cgarrovillo.Landmark;
				PRODUCT_NAME = "$(TARGET_NAME)";
				SWIFT_VERSION = 5.0;
				TARGETED_DEVICE_FAMILY = "1,2";
			};
			name = Release;
		};
/* End XCBuildConfiguration section */

/* Begin XCConfigurationList section */
		AA8F68CD26E525200068D5A8 /* Build configuration list for PBXProject "Landmark" */ = {
			isa = XCConfigurationList;
			buildConfigurations = (
				AA8F68DF26E525210068D5A8 /* Debug */,
				AA8F68E026E525210068D5A8 /* Release */,
			);
			defaultConfigurationIsVisible = 0;
			defaultConfigurationName = Release;
		};
		AA8F68E126E525210068D5A8 /* Build configuration list for PBXNativeTarget "Landmark" */ = {
			isa = XCConfigurationList;
			buildConfigurations = (
				AA8F68E226E525210068D5A8 /* Debug */,
				AA8F68E326E525210068D5A8 /* Release */,
			);
			defaultConfigurationIsVisible = 0;
			defaultConfigurationName = Release;
		};
/* End XCConfigurationList section */
	};
	rootObject = AA8F68CA26E525200068D5A8 /* Project object */;
}
